// !$*UTF8*$!
{
	archiveVersion = 1;
	classes = {
	};
	objectVersion = 48;
	objects = {

/* Begin PBXBuildFile section */
		CCF03DB31FA9EF29006ED52B /* main.m in Sources */ = {isa = PBXBuildFile; fileRef = CCF03DB21FA9EF29006ED52B /* main.m */; };
		CCF03DBB1FA9F058006ED52B /* Uitilities.m in Sources */ = {isa = PBXBuildFile; fileRef = CCF03DBA1FA9F058006ED52B /* Uitilities.m */; };
/* End PBXBuildFile section */

/* Begin PBXCopyFilesBuildPhase section */
		CCF03DAD1FA9EF29006ED52B /* CopyFiles */ = {
			isa = PBXCopyFilesBuildPhase;
			buildActionMask = 12;
			dstPath = usr/share/man/man1;
			dstSubfolderSpec = 16;
			files = (
			);
			runOnlyForDeploymentPostprocessing = 0;
		};
/* End PBXCopyFilesBuildPhase section */

/* Begin PBXFileReference section */
		CCF03DAF1FA9EF29006ED52B /* EZYMazeBuilder */ = {isa = PBXFileReference; explicitFileType = "compiled.mach-o.executable"; includeInIndex = 0; path = EZYMazeBuilder; sourceTree = BUILT_PRODUCTS_DIR; };
		CCF03DB21FA9EF29006ED52B /* main.m */ = {isa = PBXFileReference; lastKnownFileType = sourcecode.c.objc; path = main.m; sourceTree = "<group>"; };
		CCF03DB91FA9F058006ED52B /* Uitilities.h */ = {isa = PBXFileReference; lastKnownFileType = sourcecode.c.h; name = Uitilities.h; path = EZYMazeBuilder/Uitilities.h; sourceTree = "<group>"; };
		CCF03DBA1FA9F058006ED52B /* Uitilities.m */ = {isa = PBXFileReference; lastKnownFileType = sourcecode.c.objc; name = Uitilities.m; path = EZYMazeBuilder/Uitilities.m; sourceTree = "<group>"; };
/* End PBXFileReference section */

/* Begin PBXFrameworksBuildPhase section */
		CCF03DAC1FA9EF29006ED52B /* Frameworks */ = {
			isa = PBXFrameworksBuildPhase;
			buildActionMask = 2147483647;
			files = (
			);
			runOnlyForDeploymentPostprocessing = 0;
		};
/* End PBXFrameworksBuildPhase section */

/* Begin PBXGroup section */
		CCF03DA61FA9EF29006ED52B = {
			isa = PBXGroup;
			children = (
				CCF03DB91FA9F058006ED52B /* Uitilities.h */,
				CCF03DBA1FA9F058006ED52B /* Uitilities.m */,
				CCF03DB11FA9EF29006ED52B /* EZYMazeBuilder */,
				CCF03DB01FA9EF29006ED52B /* Products */,
			);
			sourceTree = "<group>";
		};
		CCF03DB01FA9EF29006ED52B /* Products */ = {
			isa = PBXGroup;
			children = (
				CCF03DAF1FA9EF29006ED52B /* EZYMazeBuilder */,
			);
			name = Products;
			sourceTree = "<group>";
		};
		CCF03DB11FA9EF29006ED52B /* EZYMazeBuilder */ = {
			isa = PBXGroup;
			children = (
				CCF03DB21FA9EF29006ED52B /* main.m */,
			);
			path = EZYMazeBuilder;
			sourceTree = "<group>";
		};
/* End PBXGroup section */

/* Begin PBXNativeTarget section */
		CCF03DAE1FA9EF29006ED52B /* EZYMazeBuilder */ = {
			isa = PBXNativeTarget;
			buildConfigurationList = CCF03DB61FA9EF29006ED52B /* Build configuration list for PBXNativeTarget "EZYMazeBuilder" */;
			buildPhases = (
				CCF03DAB1FA9EF29006ED52B /* Sources */,
				CCF03DAC1FA9EF29006ED52B /* Frameworks */,
				CCF03DAD1FA9EF29006ED52B /* CopyFiles */,
			);
			buildRules = (
			);
			dependencies = (
			);
			name = EZYMazeBuilder;
			productName = EZYMazeBuilder;
			productReference = CCF03DAF1FA9EF29006ED52B /* EZYMazeBuilder */;
			productType = "com.apple.product-type.tool";
		};
/* End PBXNativeTarget section */

/* Begin PBXProject section */
		CCF03DA71FA9EF29006ED52B /* Project object */ = {
			isa = PBXProject;
			attributes = {
				LastUpgradeCheck = 0900;
				ORGANIZATIONNAME = "Georgi Karapetrov";
				TargetAttributes = {
					CCF03DAE1FA9EF29006ED52B = {
						CreatedOnToolsVersion = 9.0;
						ProvisioningStyle = Automatic;
					};
				};
			};
			buildConfigurationList = CCF03DAA1FA9EF29006ED52B /* Build configuration list for PBXProject "EZYMazeBuilder" */;
			compatibilityVersion = "Xcode 8.0";
			developmentRegion = en;
			hasScannedForEncodings = 0;
			knownRegions = (
				en,
			);
			mainGroup = CCF03DA61FA9EF29006ED52B;
			productRefGroup = CCF03DB01FA9EF29006ED52B /* Products */;
			projectDirPath = "";
			projectRoot = "";
			targets = (
				CCF03DAE1FA9EF29006ED52B /* EZYMazeBuilder */,
			);
		};
/* End PBXProject section */

/* Begin PBXSourcesBuildPhase section */
		CCF03DAB1FA9EF29006ED52B /* Sources */ = {
			isa = PBXSourcesBuildPhase;
			buildActionMask = 2147483647;
			files = (
				CCF03DBB1FA9F058006ED52B /* Uitilities.m in Sources */,
				CCF03DB31FA9EF29006ED52B /* main.m in Sources */,
			);
			runOnlyForDeploymentPostprocessing = 0;
		};
/* End PBXSourcesBuildPhase section */

/* Begin XCBuildConfiguration section */
		CCF03DB41FA9EF29006ED52B /* Debug */ = {
			isa = XCBuildConfiguration;
			buildSettings = {
				ALWAYS_SEARCH_USER_PATHS = NO;
				CLANG_ANALYZER_NONNULL = YES;
				CLANG_ANALYZER_NUMBER_OBJECT_CONVERSION = YES_AGGRESSIVE;
				CLANG_CXX_LANGUAGE_STANDARD = "gnu++14";
				CLANG_CXX_LIBRARY = "libc++";
				CLANG_ENABLE_MODULES = YES;
				CLANG_ENABLE_OBJC_ARC = YES;
				CLANG_WARN_BLOCK_CAPTURE_AUTORELEASING = YES;
				CLANG_WARN_BOOL_CONVERSION = YES;
				CLANG_WARN_COMMA = YES;
				CLANG_WARN_CONSTANT_CONVERSION = YES;
				CLANG_WARN_DIRECT_OBJC_ISA_USAGE = YES_ERROR;
				CLANG_WARN_DOCUMENTATION_COMMENTS = YES;
				CLANG_WARN_EMPTY_BODY = YES;
				CLANG_WARN_ENUM_CONVERSION = YES;
				CLANG_WARN_INFINITE_RECURSION = YES;
				CLANG_WARN_INT_CONVERSION = YES;
				CLANG_WARN_NON_LITERAL_NULL_CONVERSION = YES;
				CLANG_WARN_OBJC_LITERAL_CONVERSION = YES;
				CLANG_WARN_OBJC_ROOT_CLASS = YES_ERROR;
				CLANG_WARN_RANGE_LOOP_ANALYSIS = YES;
				CLANG_WARN_STRICT_PROTOTYPES = YES;
				CLANG_WARN_SUSPICIOUS_MOVE = YES;
				CLANG_WARN_UNGUARDED_AVAILABILITY = YES_AGGRESSIVE;
				CLANG_WARN_UNREACHABLE_CODE = YES;
				CLANG_WARN__DUPLICATE_METHOD_MATCH = YES;
				CODE_SIGN_IDENTITY = "Mac Developer";
				COPY_PHASE_STRIP = NO;
				DEBUG_INFORMATION_FORMAT = dwarf;
				ENABLE_STRICT_OBJC_MSGSEND = YES;
				ENABLE_TESTABILITY = YES;
				GCC_C_LANGUAGE_STANDARD = gnu11;
				GCC_DYNAMIC_NO_PIC = NO;
				GCC_NO_COMMON_BLOCKS = YES;
				GCC_OPTIMIZATION_LEVEL = 0;
				GCC_PREPROCESSOR_DEFINITIONS = (
					"DEBUG=1",
					"$(inherited)",
				);
				GCC_WARN_64_TO_32_BIT_CONVERSION = YES;
				GCC_WARN_ABOUT_RETURN_TYPE = YES_ERROR;
				GCC_WARN_UNDECLARED_SELECTOR = YES;
				GCC_WARN_UNINITIALIZED_AUTOS = YES_AGGRESSIVE;
				GCC_WARN_UNUSED_FUNCTION = YES;
				GCC_WARN_UNUSED_VARIABLE = YES;
				MACOSX_DEPLOYMENT_TARGET = 10.12;
				MTL_ENABLE_DEBUG_INFO = YES;
				ONLY_ACTIVE_ARCH = YES;
				SDKROOT = macosx;
			};
			name = Debug;
		};
		CCF03DB51FA9EF29006ED52B /* Release */ = {
			isa = XCBuildConfiguration;
			buildSettings = {
				ALWAYS_SEARCH_USER_PATHS = NO;
				CLANG_ANALYZER_NONNULL = YES;
				CLANG_ANALYZER_NUMBER_OBJECT_CONVERSION = YES_AGGRESSIVE;
				CLANG_CXX_LANGUAGE_STANDARD = "gnu++14";
				CLANG_CXX_LIBRARY = "libc++";
				CLANG_ENABLE_MODULES = YES;
				CLANG_ENABLE_OBJC_ARC = YES;
				CLANG_WARN_BLOCK_CAPTURE_AUTORELEASING = YES;
				CLANG_WARN_BOOL_CONVERSION = YES;
				CLANG_WARN_COMMA = YES;
				CLANG_WARN_CONSTANT_CONVERSION = YES;
				CLANG_WARN_DIRECT_OBJC_ISA_USAGE = YES_ERROR;
				CLANG_WARN_DOCUMENTATION_COMMENTS = YES;
				CLANG_WARN_EMPTY_BODY = YES;
				CLANG_WARN_ENUM_CONVERSION = YES;
				CLANG_WARN_INFINITE_RECURSION = YES;
				CLANG_WARN_INT_CONVERSION = YES;
				CLANG_WARN_NON_LITERAL_NULL_CONVERSION = YES;
				CLANG_WARN_OBJC_LITERAL_CONVERSION = YES;
				CLANG_WARN_OBJC_ROOT_CLASS = YES_ERROR;
				CLANG_WARN_RANGE_LOOP_ANALYSIS = YES;
				CLANG_WARN_STRICT_PROTOTYPES = YES;
				CLANG_WARN_SUSPICIOUS_MOVE = YES;
				CLANG_WARN_UNGUARDED_AVAILABILITY = YES_AGGRESSIVE;
				CLANG_WARN_UNREACHABLE_CODE = YES;
				CLANG_WARN__DUPLICATE_METHOD_MATCH = YES;
				CODE_SIGN_IDENTITY = "Mac Developer";
				COPY_PHASE_STRIP = NO;
				DEBUG_INFORMATION_FORMAT = "dwarf-with-dsym";
				ENABLE_NS_ASSERTIONS = NO;
				ENABLE_STRICT_OBJC_MSGSEND = YES;
				GCC_C_LANGUAGE_STANDARD = gnu11;
				GCC_NO_COMMON_BLOCKS = YES;
				GCC_WARN_64_TO_32_BIT_CONVERSION = YES;
				GCC_WARN_ABOUT_RETURN_TYPE = YES_ERROR;
				GCC_WARN_UNDECLARED_SELECTOR = YES;
				GCC_WARN_UNINITIALIZED_AUTOS = YES_AGGRESSIVE;
				GCC_WARN_UNUSED_FUNCTION = YES;
				GCC_WARN_UNUSED_VARIABLE = YES;
				MACOSX_DEPLOYMENT_TARGET = 10.12;
				MTL_ENABLE_DEBUG_INFO = NO;
				SDKROOT = macosx;
			};
			name = Release;
		};
		CCF03DB71FA9EF29006ED52B /* Debug */ = {
			isa = XCBuildConfiguration;
			buildSettings = {
				CODE_SIGN_STYLE = Automatic;
				DEVELOPMENT_TEAM = 2FXJLP2C5B;
				PRODUCT_NAME = "$(TARGET_NAME)";
			};
			name = Debug;
		};
		CCF03DB81FA9EF29006ED52B /* Release */ = {
			isa = XCBuildConfiguration;
			buildSettings = {
				CODE_SIGN_STYLE = Automatic;
				DEVELOPMENT_TEAM = 2FXJLP2C5B;
				PRODUCT_NAME = "$(TARGET_NAME)";
			};
			name = Release;
		};
/* End XCBuildConfiguration section */

/* Begin XCConfigurationList section */
		CCF03DAA1FA9EF29006ED52B /* Build configuration list for PBXProject "EZYMazeBuilder" */ = {
			isa = XCConfigurationList;
			buildConfigurations = (
				CCF03DB41FA9EF29006ED52B /* Debug */,
				CCF03DB51FA9EF29006ED52B /* Release */,
			);
			defaultConfigurationIsVisible = 0;
			defaultConfigurationName = Release;
		};
		CCF03DB61FA9EF29006ED52B /* Build configuration list for PBXNativeTarget "EZYMazeBuilder" */ = {
			isa = XCConfigurationList;
			buildConfigurations = (
				CCF03DB71FA9EF29006ED52B /* Debug */,
				CCF03DB81FA9EF29006ED52B /* Release */,
			);
			defaultConfigurationIsVisible = 0;
			defaultConfigurationName = Release;
		};
/* End XCConfigurationList section */
	};
	rootObject = CCF03DA71FA9EF29006ED52B /* Project object */;
}
